lockfileVersion: '9.0'

settings:
  autoInstallPeers: true
  excludeLinksFromLockfile: false

importers:

  .:
    dependencies:
      '@types/react':
        specifier: '*'
        version: 19.1.8
      '@types/relay-runtime':
        specifier: '*'
        version: 19.0.2
    devDependencies:
      '@types/react-relay':
        specifier: workspace:.
        version: 'link:'

packages:

  '@types/react@19.1.8':
    resolution: {integrity: sha512-AwAfQ2Wa5bCx9WP8nZL2uMZWod7J7/JSplxbTmBQ5ms6QpqNYm672H0Vu9ZVKVngQ+ii4R/byguVEUZQyeg44g==}

  '@types/relay-runtime@19.0.2':
    resolution: {integrity: sha512-lcWb+/7cPG21UgtK/fdpt8QgtV2GYc8TQIusZUBL1k2oy+8oNwYQAAj0/j1pkg77sk/p5MQPQZYOWN9i8wpUhg==}

  csstype@3.1.3:
    resolution: {integrity: sha512-M1uQkMl8rQK/szD0LNhtqxIPLpimGm8sOBwU7lLnCpSbTyY3yeU1Vc7l4KT5zT4s/yOxHH5O7tIuuLOCnLADRw==}

snapshots:

  '@types/react@19.1.8':
    dependencies:
      csstype: 3.1.3

  '@types/relay-runtime@19.0.2': {}

  csstype@3.1.3: {}
